// !$*UTF8*$!
{
	archiveVersion = 1;
	classes = {
	};
	objectVersion = 55;
	objects = {

/* Begin PBXBuildFile section */
		1C04000827041212008F025B /* AppDelegate.swift in Sources */ = {isa = PBXBuildFile; fileRef = 1C04000727041212008F025B /* AppDelegate.swift */; };
		1C04000A27041212008F025B /* SceneDelegate.swift in Sources */ = {isa = PBXBuildFile; fileRef = 1C04000927041212008F025B /* SceneDelegate.swift */; };
		1C04000C27041212008F025B /* ViewController.swift in Sources */ = {isa = PBXBuildFile; fileRef = 1C04000B27041212008F025B /* ViewController.swift */; };
		1C04000F27041212008F025B /* Main.storyboard in Resources */ = {isa = PBXBuildFile; fileRef = 1C04000D27041212008F025B /* Main.storyboard */; };
		1C04001127041213008F025B /* Assets.xcassets in Resources */ = {isa = PBXBuildFile; fileRef = 1C04001027041213008F025B /* Assets.xcassets */; };
		1C04001427041213008F025B /* LaunchScreen.storyboard in Resources */ = {isa = PBXBuildFile; fileRef = 1C04001227041213008F025B /* LaunchScreen.storyboard */; };
		1C087F1927589B6700BE24C5 /* PPTTestViewController.swift in Sources */ = {isa = PBXBuildFile; fileRef = 1C087F1827589B6600BE24C5 /* PPTTestViewController.swift */; };
		1C09DBCA2730DEFC006E20AF /* TableViewTestViewController.swift in Sources */ = {isa = PBXBuildFile; fileRef = 1C09DBC92730DEFC006E20AF /* TableViewTestViewController.swift */; };
		1C4981F5274F693200DF13A4 /* TableView.swift in Sources */ = {isa = PBXBuildFile; fileRef = 1C4981F4274F693200DF13A4 /* TableView.swift */; };
		1C4981F7274F69CE00DF13A4 /* Section.swift in Sources */ = {isa = PBXBuildFile; fileRef = 1C4981F6274F69CE00DF13A4 /* Section.swift */; };
		1C4981F9274F6AF200DF13A4 /* CollectionView.swift in Sources */ = {isa = PBXBuildFile; fileRef = 1C4981F8274F6AF200DF13A4 /* CollectionView.swift */; };
		1C9FAF77275A153200105EF8 /* ObserveRemoveTestViewController.swift in Sources */ = {isa = PBXBuildFile; fileRef = 1C9FAF76275A153200105EF8 /* ObserveRemoveTestViewController.swift */; };
		1CAD9CF627229408009CFCDD /* InputTestViewController.swift in Sources */ = {isa = PBXBuildFile; fileRef = 1CAD9CF527229408009CFCDD /* InputTestViewController.swift */; };
		1CD8FE2727102C6400FE41E8 /* StackTestViewController.swift in Sources */ = {isa = PBXBuildFile; fileRef = 1CD8FE2627102C6400FE41E8 /* StackTestViewController.swift */; };
		1CD8FE2927102CB200FE41E8 /* AlertTestViewController.swift in Sources */ = {isa = PBXBuildFile; fileRef = 1CD8FE2827102CB200FE41E8 /* AlertTestViewController.swift */; };
		1CD8FE2B27102D0D00FE41E8 /* MarginTestViewController.swift in Sources */ = {isa = PBXBuildFile; fileRef = 1CD8FE2A27102D0D00FE41E8 /* MarginTestViewController.swift */; };
		1CD8FE2F27118B4A00FE41E8 /* DemoTestViewController.swift in Sources */ = {isa = PBXBuildFile; fileRef = 1CD8FE2E27118B4A00FE41E8 /* DemoTestViewController.swift */; };
		1CD8FE8227201AED00FE41E8 /* StateTestViewController.swift in Sources */ = {isa = PBXBuildFile; fileRef = 1CD8FE8127201AED00FE41E8 /* StateTestViewController.swift */; };
		1CE634A02726A8A20051BF9F /* ZKitCore.h in Headers */ = {isa = PBXBuildFile; fileRef = 1CE6349D2726A8A20051BF9F /* ZKitCore.h */; settings = {ATTRIBUTES = (Public, ); }; };
		1CE634A32726A8A20051BF9F /* ZKitCore.framework in Frameworks */ = {isa = PBXBuildFile; fileRef = 1CE6349B2726A8A20051BF9F /* ZKitCore.framework */; };
		1CE634A42726A8A20051BF9F /* ZKitCore.framework in Embed Frameworks */ = {isa = PBXBuildFile; fileRef = 1CE6349B2726A8A20051BF9F /* ZKitCore.framework */; settings = {ATTRIBUTES = (CodeSignOnCopy, RemoveHeadersOnCopy, ); }; };
		1CE634A92726A8C70051BF9F /* Views.swift in Sources */ = {isa = PBXBuildFile; fileRef = 1CD8FE2C27102EE100FE41E8 /* Views.swift */; };
		1CE634AA2726A8C70051BF9F /* Modifier.swift in Sources */ = {isa = PBXBuildFile; fileRef = 1CD8FE1E270FEC7400FE41E8 /* Modifier.swift */; };
		1CE634AB2726A8C70051BF9F /* ResultBuilder.swift in Sources */ = {isa = PBXBuildFile; fileRef = 1CD8FE1C270FE71F00FE41E8 /* ResultBuilder.swift */; };
		1CE634AC2726A8C70051BF9F /* Layout.swift in Sources */ = {isa = PBXBuildFile; fileRef = 1CD8FE20270FEE0700FE41E8 /* Layout.swift */; };
		1CE634AD2726A8C70051BF9F /* State.swift in Sources */ = {isa = PBXBuildFile; fileRef = 1CAD9CF72722B3BF009CFCDD /* State.swift */; };
		1CE634AE2726A8C70051BF9F /* Attributes.swift in Sources */ = {isa = PBXBuildFile; fileRef = 1CB1EF7827041776007CE1F3 /* Attributes.swift */; };
		1CE6351C2727F0090051BF9F /* PageTestViewController.swift in Sources */ = {isa = PBXBuildFile; fileRef = 1CE6351B2727F0090051BF9F /* PageTestViewController.swift */; };
		1CFBC27B272A9BB900AE64C4 /* ForEachTestViewController.swift in Sources */ = {isa = PBXBuildFile; fileRef = 1CFBC27A272A9BB900AE64C4 /* ForEachTestViewController.swift */; };
		1CFBC27D272AA5A400AE64C4 /* ForEachScrollTestViewController.swift in Sources */ = {isa = PBXBuildFile; fileRef = 1CFBC27C272AA5A400AE64C4 /* ForEachScrollTestViewController.swift */; };
		1CFBC27F272B95D100AE64C4 /* Containers.swift in Sources */ = {isa = PBXBuildFile; fileRef = 1CFBC27E272B95D100AE64C4 /* Containers.swift */; };
/* End PBXBuildFile section */

/* Begin PBXContainerItemProxy section */
		1CE634A12726A8A20051BF9F /* PBXContainerItemProxy */ = {
			isa = PBXContainerItemProxy;
			containerPortal = 1C04FFFC27041212008F025B /* Project object */;
			proxyType = 1;
			remoteGlobalIDString = 1CE6349A2726A8A20051BF9F;
			remoteInfo = ZKitCore;
		};
/* End PBXContainerItemProxy section */

/* Begin PBXCopyFilesBuildPhase section */
		1CAD9D0D2726A369009CFCDD /* Embed Frameworks */ = {
			isa = PBXCopyFilesBuildPhase;
			buildActionMask = 2147483647;
			dstPath = "";
			dstSubfolderSpec = 10;
			files = (
				1CE634A42726A8A20051BF9F /* ZKitCore.framework in Embed Frameworks */,
			);
			name = "Embed Frameworks";
			runOnlyForDeploymentPostprocessing = 0;
		};
/* End PBXCopyFilesBuildPhase section */

/* Begin PBXFileReference section */
		1C04000427041212008F025B /* ZKit.app */ = {isa = PBXFileReference; explicitFileType = wrapper.application; includeInIndex = 0; path = ZKit.app; sourceTree = BUILT_PRODUCTS_DIR; };
		1C04000727041212008F025B /* AppDelegate.swift */ = {isa = PBXFileReference; lastKnownFileType = sourcecode.swift; path = AppDelegate.swift; sourceTree = "<group>"; };
		1C04000927041212008F025B /* SceneDelegate.swift */ = {isa = PBXFileReference; lastKnownFileType = sourcecode.swift; path = SceneDelegate.swift; sourceTree = "<group>"; };
		1C04000B27041212008F025B /* ViewController.swift */ = {isa = PBXFileReference; lastKnownFileType = sourcecode.swift; path = ViewController.swift; sourceTree = "<group>"; };
		1C04000E27041212008F025B /* Base */ = {isa = PBXFileReference; lastKnownFileType = file.storyboard; name = Base; path = Base.lproj/Main.storyboard; sourceTree = "<group>"; };
		1C04001027041213008F025B /* Assets.xcassets */ = {isa = PBXFileReference; lastKnownFileType = folder.assetcatalog; path = Assets.xcassets; sourceTree = "<group>"; };
		1C04001327041213008F025B /* Base */ = {isa = PBXFileReference; lastKnownFileType = file.storyboard; name = Base; path = Base.lproj/LaunchScreen.storyboard; sourceTree = "<group>"; };
		1C04001527041213008F025B /* Info.plist */ = {isa = PBXFileReference; lastKnownFileType = text.plist.xml; path = Info.plist; sourceTree = "<group>"; };
		1C087F1827589B6600BE24C5 /* PPTTestViewController.swift */ = {isa = PBXFileReference; lastKnownFileType = sourcecode.swift; path = PPTTestViewController.swift; sourceTree = "<group>"; };
		1C09DBC92730DEFC006E20AF /* TableViewTestViewController.swift */ = {isa = PBXFileReference; lastKnownFileType = sourcecode.swift; path = TableViewTestViewController.swift; sourceTree = "<group>"; };
		1C4981F4274F693200DF13A4 /* TableView.swift */ = {isa = PBXFileReference; lastKnownFileType = sourcecode.swift; path = TableView.swift; sourceTree = "<group>"; };
		1C4981F6274F69CE00DF13A4 /* Section.swift */ = {isa = PBXFileReference; lastKnownFileType = sourcecode.swift; path = Section.swift; sourceTree = "<group>"; };
		1C4981F8274F6AF200DF13A4 /* CollectionView.swift */ = {isa = PBXFileReference; lastKnownFileType = sourcecode.swift; path = CollectionView.swift; sourceTree = "<group>"; };
		1C9FAF76275A153200105EF8 /* ObserveRemoveTestViewController.swift */ = {isa = PBXFileReference; lastKnownFileType = sourcecode.swift; path = ObserveRemoveTestViewController.swift; sourceTree = "<group>"; };
		1CAD9CF527229408009CFCDD /* InputTestViewController.swift */ = {isa = PBXFileReference; lastKnownFileType = sourcecode.swift; path = InputTestViewController.swift; sourceTree = "<group>"; };
		1CAD9CF72722B3BF009CFCDD /* State.swift */ = {isa = PBXFileReference; lastKnownFileType = sourcecode.swift; path = State.swift; sourceTree = "<group>"; };
		1CB1EF7827041776007CE1F3 /* Attributes.swift */ = {isa = PBXFileReference; lastKnownFileType = sourcecode.swift; path = Attributes.swift; sourceTree = "<group>"; };
		1CD8FE1C270FE71F00FE41E8 /* ResultBuilder.swift */ = {isa = PBXFileReference; lastKnownFileType = sourcecode.swift; path = ResultBuilder.swift; sourceTree = "<group>"; };
		1CD8FE1E270FEC7400FE41E8 /* Modifier.swift */ = {isa = PBXFileReference; lastKnownFileType = sourcecode.swift; path = Modifier.swift; sourceTree = "<group>"; };
		1CD8FE20270FEE0700FE41E8 /* Layout.swift */ = {isa = PBXFileReference; lastKnownFileType = sourcecode.swift; path = Layout.swift; sourceTree = "<group>"; };
		1CD8FE2627102C6400FE41E8 /* StackTestViewController.swift */ = {isa = PBXFileReference; lastKnownFileType = sourcecode.swift; path = StackTestViewController.swift; sourceTree = "<group>"; };
		1CD8FE2827102CB200FE41E8 /* AlertTestViewController.swift */ = {isa = PBXFileReference; lastKnownFileType = sourcecode.swift; path = AlertTestViewController.swift; sourceTree = "<group>"; };
		1CD8FE2A27102D0D00FE41E8 /* MarginTestViewController.swift */ = {isa = PBXFileReference; lastKnownFileType = sourcecode.swift; path = MarginTestViewController.swift; sourceTree = "<group>"; };
		1CD8FE2C27102EE100FE41E8 /* Views.swift */ = {isa = PBXFileReference; lastKnownFileType = sourcecode.swift; path = Views.swift; sourceTree = "<group>"; };
		1CD8FE2E27118B4A00FE41E8 /* DemoTestViewController.swift */ = {isa = PBXFileReference; lastKnownFileType = sourcecode.swift; path = DemoTestViewController.swift; sourceTree = "<group>"; };
		1CD8FE8127201AED00FE41E8 /* StateTestViewController.swift */ = {isa = PBXFileReference; lastKnownFileType = sourcecode.swift; path = StateTestViewController.swift; sourceTree = "<group>"; };
		1CE6349B2726A8A20051BF9F /* ZKitCore.framework */ = {isa = PBXFileReference; explicitFileType = wrapper.framework; includeInIndex = 0; path = ZKitCore.framework; sourceTree = BUILT_PRODUCTS_DIR; };
		1CE6349D2726A8A20051BF9F /* ZKitCore.h */ = {isa = PBXFileReference; lastKnownFileType = sourcecode.c.h; path = ZKitCore.h; sourceTree = "<group>"; };
		1CE6351B2727F0090051BF9F /* PageTestViewController.swift */ = {isa = PBXFileReference; lastKnownFileType = sourcecode.swift; path = PageTestViewController.swift; sourceTree = "<group>"; };
		1CFBC27A272A9BB900AE64C4 /* ForEachTestViewController.swift */ = {isa = PBXFileReference; lastKnownFileType = sourcecode.swift; path = ForEachTestViewController.swift; sourceTree = "<group>"; };
		1CFBC27C272AA5A400AE64C4 /* ForEachScrollTestViewController.swift */ = {isa = PBXFileReference; lastKnownFileType = sourcecode.swift; path = ForEachScrollTestViewController.swift; sourceTree = "<group>"; };
		1CFBC27E272B95D100AE64C4 /* Containers.swift */ = {isa = PBXFileReference; lastKnownFileType = sourcecode.swift; path = Containers.swift; sourceTree = "<group>"; };
/* End PBXFileReference section */

/* Begin PBXFrameworksBuildPhase section */
		1C04000127041212008F025B /* Frameworks */ = {
			isa = PBXFrameworksBuildPhase;
			buildActionMask = 2147483647;
			files = (
				1CE634A32726A8A20051BF9F /* ZKitCore.framework in Frameworks */,
			);
			runOnlyForDeploymentPostprocessing = 0;
		};
		1CE634982726A8A20051BF9F /* Frameworks */ = {
			isa = PBXFrameworksBuildPhase;
			buildActionMask = 2147483647;
			files = (
			);
			runOnlyForDeploymentPostprocessing = 0;
		};
/* End PBXFrameworksBuildPhase section */

/* Begin PBXGroup section */
		1C04000527041212008F025B /* Products */ = {
			isa = PBXGroup;
			children = (
				1C04000427041212008F025B /* ZKit.app */,
				1CE6349B2726A8A20051BF9F /* ZKitCore.framework */,
			);
			name = Products;
			sourceTree = "<group>";
		};
		1C04000627041212008F025B /* ZKit */ = {
			isa = PBXGroup;
			children = (
				1CD8FE222710272E00FE41E8 /* Test */,
				1C04000727041212008F025B /* AppDelegate.swift */,
				1C04000927041212008F025B /* SceneDelegate.swift */,
				1C04000B27041212008F025B /* ViewController.swift */,
				1C04000D27041212008F025B /* Main.storyboard */,
				1C04001027041213008F025B /* Assets.xcassets */,
				1C04001227041213008F025B /* LaunchScreen.storyboard */,
				1C04001527041213008F025B /* Info.plist */,
			);
			path = ZKit;
			sourceTree = "<group>";
		};
		1C04FFFB27041212008F025B = {
			isa = PBXGroup;
			children = (
				1C04000627041212008F025B /* ZKit */,
				1CE6349C2726A8A20051BF9F /* ZKitCore */,
				1C04000527041212008F025B /* Products */,
			);
			sourceTree = "<group>";
		};
		1CD8FE222710272E00FE41E8 /* Test */ = {
			isa = PBXGroup;
			children = (
				1CD8FE2627102C6400FE41E8 /* StackTestViewController.swift */,
				1CD8FE2827102CB200FE41E8 /* AlertTestViewController.swift */,
				1CD8FE2A27102D0D00FE41E8 /* MarginTestViewController.swift */,
				1CD8FE2E27118B4A00FE41E8 /* DemoTestViewController.swift */,
				1CD8FE8127201AED00FE41E8 /* StateTestViewController.swift */,
				1CAD9CF527229408009CFCDD /* InputTestViewController.swift */,
				1CE6351B2727F0090051BF9F /* PageTestViewController.swift */,
				1CFBC27A272A9BB900AE64C4 /* ForEachTestViewController.swift */,
				1CFBC27C272AA5A400AE64C4 /* ForEachScrollTestViewController.swift */,
				1C09DBC92730DEFC006E20AF /* TableViewTestViewController.swift */,
				1C087F1827589B6600BE24C5 /* PPTTestViewController.swift */,
				1C9FAF76275A153200105EF8 /* ObserveRemoveTestViewController.swift */,
			);
			path = Test;
			sourceTree = "<group>";
		};
		1CE6349C2726A8A20051BF9F /* ZKitCore */ = {
			isa = PBXGroup;
			children = (
				1CB1EF7827041776007CE1F3 /* Attributes.swift */,
				1CD8FE1C270FE71F00FE41E8 /* ResultBuilder.swift */,
				1CD8FE20270FEE0700FE41E8 /* Layout.swift */,
				1CD8FE1E270FEC7400FE41E8 /* Modifier.swift */,
				1CD8FE2C27102EE100FE41E8 /* Views.swift */,
				1CAD9CF72722B3BF009CFCDD /* State.swift */,
				1CFBC27E272B95D100AE64C4 /* Containers.swift */,
				1C4981F6274F69CE00DF13A4 /* Section.swift */,
				1C4981F4274F693200DF13A4 /* TableView.swift */,
				1C4981F8274F6AF200DF13A4 /* CollectionView.swift */,
				1CE6349D2726A8A20051BF9F /* ZKitCore.h */,
			);
			path = ZKitCore;
			sourceTree = "<group>";
		};
/* End PBXGroup section */

/* Begin PBXHeadersBuildPhase section */
		1CE634962726A8A20051BF9F /* Headers */ = {
			isa = PBXHeadersBuildPhase;
			buildActionMask = 2147483647;
			files = (
				1CE634A02726A8A20051BF9F /* ZKitCore.h in Headers */,
			);
			runOnlyForDeploymentPostprocessing = 0;
		};
/* End PBXHeadersBuildPhase section */

/* Begin PBXNativeTarget section */
		1C04000327041212008F025B /* ZKit */ = {
			isa = PBXNativeTarget;
			buildConfigurationList = 1C04001827041213008F025B /* Build configuration list for PBXNativeTarget "ZKit" */;
			buildPhases = (
				1C04000027041212008F025B /* Sources */,
				1C04000127041212008F025B /* Frameworks */,
				1C04000227041212008F025B /* Resources */,
				1CAD9D0D2726A369009CFCDD /* Embed Frameworks */,
			);
			buildRules = (
			);
			dependencies = (
				1CE634A22726A8A20051BF9F /* PBXTargetDependency */,
			);
			name = ZKit;
			productName = ZKit;
			productReference = 1C04000427041212008F025B /* ZKit.app */;
			productType = "com.apple.product-type.application";
		};
		1CE6349A2726A8A20051BF9F /* ZKitCore */ = {
			isa = PBXNativeTarget;
			buildConfigurationList = 1CE634A72726A8A20051BF9F /* Build configuration list for PBXNativeTarget "ZKitCore" */;
			buildPhases = (
				1CE634962726A8A20051BF9F /* Headers */,
				1CE634972726A8A20051BF9F /* Sources */,
				1CE634982726A8A20051BF9F /* Frameworks */,
				1CE634992726A8A20051BF9F /* Resources */,
			);
			buildRules = (
			);
			dependencies = (
			);
			name = ZKitCore;
			productName = ZKitCore;
			productReference = 1CE6349B2726A8A20051BF9F /* ZKitCore.framework */;
			productType = "com.apple.product-type.framework";
		};
/* End PBXNativeTarget section */

/* Begin PBXProject section */
		1C04FFFC27041212008F025B /* Project object */ = {
			isa = PBXProject;
			attributes = {
				BuildIndependentTargetsInParallel = 1;
				LastSwiftUpdateCheck = 1300;
				LastUpgradeCheck = 1300;
				TargetAttributes = {
					1C04000327041212008F025B = {
						CreatedOnToolsVersion = 13.0;
					};
					1CE6349A2726A8A20051BF9F = {
						CreatedOnToolsVersion = 13.0;
					};
				};
			};
			buildConfigurationList = 1C04FFFF27041212008F025B /* Build configuration list for PBXProject "ZKit" */;
			compatibilityVersion = "Xcode 13.0";
			developmentRegion = en;
			hasScannedForEncodings = 0;
			knownRegions = (
				en,
				Base,
			);
			mainGroup = 1C04FFFB27041212008F025B;
			productRefGroup = 1C04000527041212008F025B /* Products */;
			projectDirPath = "";
			projectRoot = "";
			targets = (
				1C04000327041212008F025B /* ZKit */,
				1CE6349A2726A8A20051BF9F /* ZKitCore */,
			);
		};
/* End PBXProject section */

/* Begin PBXResourcesBuildPhase section */
		1C04000227041212008F025B /* Resources */ = {
			isa = PBXResourcesBuildPhase;
			buildActionMask = 2147483647;
			files = (
				1C04001427041213008F025B /* LaunchScreen.storyboard in Resources */,
				1C04001127041213008F025B /* Assets.xcassets in Resources */,
				1C04000F27041212008F025B /* Main.storyboard in Resources */,
			);
			runOnlyForDeploymentPostprocessing = 0;
		};
		1CE634992726A8A20051BF9F /* Resources */ = {
			isa = PBXResourcesBuildPhase;
			buildActionMask = 2147483647;
			files = (
			);
			runOnlyForDeploymentPostprocessing = 0;
		};
/* End PBXResourcesBuildPhase section */

/* Begin PBXSourcesBuildPhase section */
		1C04000027041212008F025B /* Sources */ = {
			isa = PBXSourcesBuildPhase;
			buildActionMask = 2147483647;
			files = (
				1CAD9CF627229408009CFCDD /* InputTestViewController.swift in Sources */,
				1C087F1927589B6700BE24C5 /* PPTTestViewController.swift in Sources */,
				1CD8FE2727102C6400FE41E8 /* StackTestViewController.swift in Sources */,
				1CD8FE8227201AED00FE41E8 /* StateTestViewController.swift in Sources */,
				1C04000C27041212008F025B /* ViewController.swift in Sources */,
				1CFBC27D272AA5A400AE64C4 /* ForEachScrollTestViewController.swift in Sources */,
				1C04000827041212008F025B /* AppDelegate.swift in Sources */,
				1CFBC27B272A9BB900AE64C4 /* ForEachTestViewController.swift in Sources */,
				1CD8FE2F27118B4A00FE41E8 /* DemoTestViewController.swift in Sources */,
				1C9FAF77275A153200105EF8 /* ObserveRemoveTestViewController.swift in Sources */,
				1CD8FE2927102CB200FE41E8 /* AlertTestViewController.swift in Sources */,
				1CE6351C2727F0090051BF9F /* PageTestViewController.swift in Sources */,
				1CD8FE2B27102D0D00FE41E8 /* MarginTestViewController.swift in Sources */,
				1C04000A27041212008F025B /* SceneDelegate.swift in Sources */,
				1C09DBCA2730DEFC006E20AF /* TableViewTestViewController.swift in Sources */,
			);
			runOnlyForDeploymentPostprocessing = 0;
		};
		1CE634972726A8A20051BF9F /* Sources */ = {
			isa = PBXSourcesBuildPhase;
			buildActionMask = 2147483647;
			files = (
				1C4981F7274F69CE00DF13A4 /* Section.swift in Sources */,
				1CE634A92726A8C70051BF9F /* Views.swift in Sources */,
				1CE634AC2726A8C70051BF9F /* Layout.swift in Sources */,
				1CE634AD2726A8C70051BF9F /* State.swift in Sources */,
				1CE634AB2726A8C70051BF9F /* ResultBuilder.swift in Sources */,
				1CE634AA2726A8C70051BF9F /* Modifier.swift in Sources */,
				1C4981F9274F6AF200DF13A4 /* CollectionView.swift in Sources */,
				1C4981F5274F693200DF13A4 /* TableView.swift in Sources */,
				1CE634AE2726A8C70051BF9F /* Attributes.swift in Sources */,
				1CFBC27F272B95D100AE64C4 /* Containers.swift in Sources */,
			);
			runOnlyForDeploymentPostprocessing = 0;
		};
/* End PBXSourcesBuildPhase section */

/* Begin PBXTargetDependency section */
		1CE634A22726A8A20051BF9F /* PBXTargetDependency */ = {
			isa = PBXTargetDependency;
			target = 1CE6349A2726A8A20051BF9F /* ZKitCore */;
			targetProxy = 1CE634A12726A8A20051BF9F /* PBXContainerItemProxy */;
		};
/* End PBXTargetDependency section */

/* Begin PBXVariantGroup section */
		1C04000D27041212008F025B /* Main.storyboard */ = {
			isa = PBXVariantGroup;
			children = (
				1C04000E27041212008F025B /* Base */,
			);
			name = Main.storyboard;
			sourceTree = "<group>";
		};
		1C04001227041213008F025B /* LaunchScreen.storyboard */ = {
			isa = PBXVariantGroup;
			children = (
				1C04001327041213008F025B /* Base */,
			);
			name = LaunchScreen.storyboard;
			sourceTree = "<group>";
		};
/* End PBXVariantGroup section */

/* Begin XCBuildConfiguration section */
		1C04001627041213008F025B /* Debug */ = {
			isa = XCBuildConfiguration;
			buildSettings = {
				ALWAYS_SEARCH_USER_PATHS = NO;
				CLANG_ANALYZER_NONNULL = YES;
				CLANG_ANALYZER_NUMBER_OBJECT_CONVERSION = YES_AGGRESSIVE;
				CLANG_CXX_LANGUAGE_STANDARD = "gnu++17";
				CLANG_CXX_LIBRARY = "libc++";
				CLANG_ENABLE_MODULES = YES;
				CLANG_ENABLE_OBJC_ARC = YES;
				CLANG_ENABLE_OBJC_WEAK = YES;
				CLANG_WARN_BLOCK_CAPTURE_AUTORELEASING = YES;
				CLANG_WARN_BOOL_CONVERSION = YES;
				CLANG_WARN_COMMA = YES;
				CLANG_WARN_CONSTANT_CONVERSION = YES;
				CLANG_WARN_DEPRECATED_OBJC_IMPLEMENTATIONS = YES;
				CLANG_WARN_DIRECT_OBJC_ISA_USAGE = YES_ERROR;
				CLANG_WARN_DOCUMENTATION_COMMENTS = YES;
				CLANG_WARN_EMPTY_BODY = YES;
				CLANG_WARN_ENUM_CONVERSION = YES;
				CLANG_WARN_INFINITE_RECURSION = YES;
				CLANG_WARN_INT_CONVERSION = YES;
				CLANG_WARN_NON_LITERAL_NULL_CONVERSION = YES;
				CLANG_WARN_OBJC_IMPLICIT_RETAIN_SELF = YES;
				CLANG_WARN_OBJC_LITERAL_CONVERSION = YES;
				CLANG_WARN_OBJC_ROOT_CLASS = YES_ERROR;
				CLANG_WARN_QUOTED_INCLUDE_IN_FRAMEWORK_HEADER = YES;
				CLANG_WARN_RANGE_LOOP_ANALYSIS = YES;
				CLANG_WARN_STRICT_PROTOTYPES = YES;
				CLANG_WARN_SUSPICIOUS_MOVE = YES;
				CLANG_WARN_UNGUARDED_AVAILABILITY = YES_AGGRESSIVE;
				CLANG_WARN_UNREACHABLE_CODE = YES;
				CLANG_WARN__DUPLICATE_METHOD_MATCH = YES;
				COPY_PHASE_STRIP = NO;
				DEBUG_INFORMATION_FORMAT = dwarf;
				ENABLE_STRICT_OBJC_MSGSEND = YES;
				ENABLE_TESTABILITY = YES;
				GCC_C_LANGUAGE_STANDARD = gnu11;
				GCC_DYNAMIC_NO_PIC = NO;
				GCC_NO_COMMON_BLOCKS = YES;
				GCC_OPTIMIZATION_LEVEL = 0;
				GCC_PREPROCESSOR_DEFINITIONS = (
					"DEBUG=1",
					"$(inherited)",
				);
				GCC_WARN_64_TO_32_BIT_CONVERSION = YES;
				GCC_WARN_ABOUT_RETURN_TYPE = YES_ERROR;
				GCC_WARN_UNDECLARED_SELECTOR = YES;
				GCC_WARN_UNINITIALIZED_AUTOS = YES_AGGRESSIVE;
				GCC_WARN_UNUSED_FUNCTION = YES;
				GCC_WARN_UNUSED_VARIABLE = YES;
				IPHONEOS_DEPLOYMENT_TARGET = 9.0;
				MTL_ENABLE_DEBUG_INFO = INCLUDE_SOURCE;
				MTL_FAST_MATH = YES;
				ONLY_ACTIVE_ARCH = YES;
				SDKROOT = iphoneos;
				SWIFT_ACTIVE_COMPILATION_CONDITIONS = DEBUG;
				SWIFT_OPTIMIZATION_LEVEL = "-Onone";
			};
			name = Debug;
		};
		1C04001727041213008F025B /* Release */ = {
			isa = XCBuildConfiguration;
			buildSettings = {
				ALWAYS_SEARCH_USER_PATHS = NO;
				CLANG_ANALYZER_NONNULL = YES;
				CLANG_ANALYZER_NUMBER_OBJECT_CONVERSION = YES_AGGRESSIVE;
				CLANG_CXX_LANGUAGE_STANDARD = "gnu++17";
				CLANG_CXX_LIBRARY = "libc++";
				CLANG_ENABLE_MODULES = YES;
				CLANG_ENABLE_OBJC_ARC = YES;
				CLANG_ENABLE_OBJC_WEAK = YES;
				CLANG_WARN_BLOCK_CAPTURE_AUTORELEASING = YES;
				CLANG_WARN_BOOL_CONVERSION = YES;
				CLANG_WARN_COMMA = YES;
				CLANG_WARN_CONSTANT_CONVERSION = YES;
				CLANG_WARN_DEPRECATED_OBJC_IMPLEMENTATIONS = YES;
				CLANG_WARN_DIRECT_OBJC_ISA_USAGE = YES_ERROR;
				CLANG_WARN_DOCUMENTATION_COMMENTS = YES;
				CLANG_WARN_EMPTY_BODY = YES;
				CLANG_WARN_ENUM_CONVERSION = YES;
				CLANG_WARN_INFINITE_RECURSION = YES;
				CLANG_WARN_INT_CONVERSION = YES;
				CLANG_WARN_NON_LITERAL_NULL_CONVERSION = YES;
				CLANG_WARN_OBJC_IMPLICIT_RETAIN_SELF = YES;
				CLANG_WARN_OBJC_LITERAL_CONVERSION = YES;
				CLANG_WARN_OBJC_ROOT_CLASS = YES_ERROR;
				CLANG_WARN_QUOTED_INCLUDE_IN_FRAMEWORK_HEADER = YES;
				CLANG_WARN_RANGE_LOOP_ANALYSIS = YES;
				CLANG_WARN_STRICT_PROTOTYPES = YES;
				CLANG_WARN_SUSPICIOUS_MOVE = YES;
				CLANG_WARN_UNGUARDED_AVAILABILITY = YES_AGGRESSIVE;
				CLANG_WARN_UNREACHABLE_CODE = YES;
				CLANG_WARN__DUPLICATE_METHOD_MATCH = YES;
				COPY_PHASE_STRIP = NO;
				DEBUG_INFORMATION_FORMAT = "dwarf-with-dsym";
				ENABLE_NS_ASSERTIONS = NO;
				ENABLE_STRICT_OBJC_MSGSEND = YES;
				GCC_C_LANGUAGE_STANDARD = gnu11;
				GCC_NO_COMMON_BLOCKS = YES;
				GCC_WARN_64_TO_32_BIT_CONVERSION = YES;
				GCC_WARN_ABOUT_RETURN_TYPE = YES_ERROR;
				GCC_WARN_UNDECLARED_SELECTOR = YES;
				GCC_WARN_UNINITIALIZED_AUTOS = YES_AGGRESSIVE;
				GCC_WARN_UNUSED_FUNCTION = YES;
				GCC_WARN_UNUSED_VARIABLE = YES;
				IPHONEOS_DEPLOYMENT_TARGET = 9.0;
				MTL_ENABLE_DEBUG_INFO = NO;
				MTL_FAST_MATH = YES;
				SDKROOT = iphoneos;
				SWIFT_COMPILATION_MODE = wholemodule;
				SWIFT_OPTIMIZATION_LEVEL = "-O";
				VALIDATE_PRODUCT = YES;
			};
			name = Release;
		};
		1C04001927041213008F025B /* Debug */ = {
			isa = XCBuildConfiguration;
			buildSettings = {
				ALWAYS_EMBED_SWIFT_STANDARD_LIBRARIES = YES;
				ASSETCATALOG_COMPILER_APPICON_NAME = AppIcon;
				ASSETCATALOG_COMPILER_GLOBAL_ACCENT_COLOR_NAME = AccentColor;
				CODE_SIGN_STYLE = Automatic;
				CURRENT_PROJECT_VERSION = 1;
				DEVELOPMENT_TEAM = C3WT4R255D;
				GENERATE_INFOPLIST_FILE = YES;
				INFOPLIST_FILE = ZKit/Info.plist;
				INFOPLIST_KEY_UIApplicationSupportsIndirectInputEvents = YES;
				INFOPLIST_KEY_UILaunchStoryboardName = LaunchScreen;
				INFOPLIST_KEY_UIMainStoryboardFile = Main;
				INFOPLIST_KEY_UISupportedInterfaceOrientations_iPad = "UIInterfaceOrientationPortrait UIInterfaceOrientationPortraitUpsideDown UIInterfaceOrientationLandscapeLeft UIInterfaceOrientationLandscapeRight";
				INFOPLIST_KEY_UISupportedInterfaceOrientations_iPhone = "UIInterfaceOrientationPortrait UIInterfaceOrientationLandscapeLeft UIInterfaceOrientationLandscapeRight";
				IPHONEOS_DEPLOYMENT_TARGET = 9.0;
				LD_RUNPATH_SEARCH_PATHS = (
					"$(inherited)",
					"@executable_path/Frameworks",
				);
				MARKETING_VERSION = 1.0;
				PRODUCT_BUNDLE_IDENTIFIER = com.zjj.ZKit;
				PRODUCT_NAME = "$(TARGET_NAME)";
				SWIFT_EMIT_LOC_STRINGS = YES;
				SWIFT_VERSION = 5.0;
				TARGETED_DEVICE_FAMILY = "1,2";
			};
			name = Debug;
		};
		1C04001A27041213008F025B /* Release */ = {
			isa = XCBuildConfiguration;
			buildSettings = {
				ALWAYS_EMBED_SWIFT_STANDARD_LIBRARIES = YES;
				ASSETCATALOG_COMPILER_APPICON_NAME = AppIcon;
				ASSETCATALOG_COMPILER_GLOBAL_ACCENT_COLOR_NAME = AccentColor;
				CODE_SIGN_STYLE = Automatic;
				CURRENT_PROJECT_VERSION = 1;
				DEVELOPMENT_TEAM = C3WT4R255D;
				GENERATE_INFOPLIST_FILE = YES;
				INFOPLIST_FILE = ZKit/Info.plist;
				INFOPLIST_KEY_UIApplicationSupportsIndirectInputEvents = YES;
				INFOPLIST_KEY_UILaunchStoryboardName = LaunchScreen;
				INFOPLIST_KEY_UIMainStoryboardFile = Main;
				INFOPLIST_KEY_UISupportedInterfaceOrientations_iPad = "UIInterfaceOrientationPortrait UIInterfaceOrientationPortraitUpsideDown UIInterfaceOrientationLandscapeLeft UIInterfaceOrientationLandscapeRight";
				INFOPLIST_KEY_UISupportedInterfaceOrientations_iPhone = "UIInterfaceOrientationPortrait UIInterfaceOrientationLandscapeLeft UIInterfaceOrientationLandscapeRight";
				IPHONEOS_DEPLOYMENT_TARGET = 9.0;
				LD_RUNPATH_SEARCH_PATHS = (
					"$(inherited)",
					"@executable_path/Frameworks",
				);
				MARKETING_VERSION = 1.0;
				PRODUCT_BUNDLE_IDENTIFIER = com.zjj.ZKit;
				PRODUCT_NAME = "$(TARGET_NAME)";
				SWIFT_EMIT_LOC_STRINGS = YES;
				SWIFT_VERSION = 5.0;
				TARGETED_DEVICE_FAMILY = "1,2";
			};
			name = Release;
		};
		1CE634A52726A8A20051BF9F /* Debug */ = {
			isa = XCBuildConfiguration;
			buildSettings = {
				CODE_SIGN_STYLE = Automatic;
				CURRENT_PROJECT_VERSION = 1;
				DEFINES_MODULE = YES;
				DYLIB_COMPATIBILITY_VERSION = 1;
				DYLIB_CURRENT_VERSION = 1;
				DYLIB_INSTALL_NAME_BASE = "@rpath";
				GENERATE_INFOPLIST_FILE = YES;
				INFOPLIST_KEY_NSHumanReadableCopyright = "";
				INSTALL_PATH = "$(LOCAL_LIBRARY_DIR)/Frameworks";
				IPHONEOS_DEPLOYMENT_TARGET = 9.0;
				LD_RUNPATH_SEARCH_PATHS = (
					"$(inherited)",
					"@executable_path/Frameworks",
					"@loader_path/Frameworks",
				);
				MARKETING_VERSION = 1.0;
				PRODUCT_BUNDLE_IDENTIFIER = com.zjj.ZKitCore;
				PRODUCT_NAME = "$(TARGET_NAME:c99extidentifier)";
				SKIP_INSTALL = YES;
				SUPPORTS_MACCATALYST = NO;
				SWIFT_EMIT_LOC_STRINGS = YES;
				SWIFT_VERSION = 5.0;
				TARGETED_DEVICE_FAMILY = "1,2";
				VERSIONING_SYSTEM = "apple-generic";
				VERSION_INFO_PREFIX = "";
			};
			name = Debug;
		};
		1CE634A62726A8A20051BF9F /* Release */ = {
			isa = XCBuildConfiguration;
			buildSettings = {
				CODE_SIGN_STYLE = Automatic;
				CURRENT_PROJECT_VERSION = 1;
				DEFINES_MODULE = YES;
				DYLIB_COMPATIBILITY_VERSION = 1;
				DYLIB_CURRENT_VERSION = 1;
				DYLIB_INSTALL_NAME_BASE = "@rpath";
				GENERATE_INFOPLIST_FILE = YES;
				INFOPLIST_KEY_NSHumanReadableCopyright = "";
				INSTALL_PATH = "$(LOCAL_LIBRARY_DIR)/Frameworks";
				IPHONEOS_DEPLOYMENT_TARGET = 9.0;
				LD_RUNPATH_SEARCH_PATHS = (
					"$(inherited)",
					"@executable_path/Frameworks",
					"@loader_path/Frameworks",
				);
				MARKETING_VERSION = 1.0;
				PRODUCT_BUNDLE_IDENTIFIER = com.zjj.ZKitCore;
				PRODUCT_NAME = "$(TARGET_NAME:c99extidentifier)";
				SKIP_INSTALL = YES;
				SUPPORTS_MACCATALYST = NO;
				SWIFT_EMIT_LOC_STRINGS = YES;
				SWIFT_VERSION = 5.0;
				TARGETED_DEVICE_FAMILY = "1,2";
				VERSIONING_SYSTEM = "apple-generic";
				VERSION_INFO_PREFIX = "";
			};
			name = Release;
		};
/* End XCBuildConfiguration section */

/* Begin XCConfigurationList section */
		1C04001827041213008F025B /* Build configuration list for PBXNativeTarget "ZKit" */ = {
			isa = XCConfigurationList;
			buildConfigurations = (
				1C04001927041213008F025B /* Debug */,
				1C04001A27041213008F025B /* Release */,
			);
			defaultConfigurationIsVisible = 0;
			defaultConfigurationName = Release;
		};
		1C04FFFF27041212008F025B /* Build configuration list for PBXProject "ZKit" */ = {
			isa = XCConfigurationList;
			buildConfigurations = (
				1C04001627041213008F025B /* Debug */,
				1C04001727041213008F025B /* Release */,
			);
			defaultConfigurationIsVisible = 0;
			defaultConfigurationName = Release;
		};
		1CE634A72726A8A20051BF9F /* Build configuration list for PBXNativeTarget "ZKitCore" */ = {
			isa = XCConfigurationList;
			buildConfigurations = (
				1CE634A52726A8A20051BF9F /* Debug */,
				1CE634A62726A8A20051BF9F /* Release */,
			);
			defaultConfigurationIsVisible = 0;
			defaultConfigurationName = Release;
		};
/* End XCConfigurationList section */
	};
	rootObject = 1C04FFFC27041212008F025B /* Project object */;
}
